
Microsoft Visual Studio Solution File, Format Version 9.00
# Visual Studio 2005
Project("{FAE04EC0-301F-11D3-BF4B-00C04F79EFBC}") = "SteamCondensor", "SteamCondensor\SteamCondensor.csproj", "{450045CE-EA08-49BA-AAA2-416E98E89EDC}"
	ProjectSection(WebsiteProperties) = preProject
		Debug.AspNetCompiler.Debug = "True"
		Release.AspNetCompiler.Debug = "False"
	EndProjectSection
EndProject
Project("{FAE04EC0-301F-11D3-BF4B-00C04F79EFBC}") = "SteamCondensorTestApplication", "SteamCondensorTestApplication\SteamCondensorTestApplication.csproj", "{F4FD01F2-EA52-4068-B1A5-BF03D2B30C26}"
	ProjectSection(WebsiteProperties) = preProject
		Debug.AspNetCompiler.Debug = "True"
		Release.AspNetCompiler.Debug = "False"
	EndProjectSection
EndProject
Global
	GlobalSection(SolutionConfigurationPlatforms) = preSolution
		Debug|Any CPU = Debug|Any CPU
		Release|Any CPU = Release|Any CPU
	EndGlobalSection
	GlobalSection(ProjectConfigurationPlatforms) = postSolution
		{450045CE-EA08-49BA-AAA2-416E98E89EDC}.Debug|Any CPU.ActiveCfg = Debug|Any CPU
		{450045CE-EA08-49BA-AAA2-416E98E89EDC}.Debug|Any CPU.Build.0 = Debug|Any CPU
		{450045CE-EA08-49BA-AAA2-416E98E89EDC}.Release|Any CPU.ActiveCfg = Release|Any CPU
		{450045CE-EA08-49BA-AAA2-416E98E89EDC}.Release|Any CPU.Build.0 = Release|Any CPU
		{F4FD01F2-EA52-4068-B1A5-BF03D2B30C26}.Debug|Any CPU.ActiveCfg = Debug|Any CPU
		{F4FD01F2-EA52-4068-B1A5-BF03D2B30C26}.Debug|Any CPU.Build.0 = Debug|Any CPU
		{F4FD01F2-EA52-4068-B1A5-BF03D2B30C26}.Release|Any CPU.ActiveCfg = Release|Any CPU
		{F4FD01F2-EA52-4068-B1A5-BF03D2B30C26}.Release|Any CPU.Build.0 = Release|Any CPU
	EndGlobalSection
	GlobalSection(SolutionProperties) = preSolution
		HideSolutionNode = FALSE
	EndGlobalSection
EndGlobal
